
Microsoft Visual Studio Solution File, Format Version 12.00
# Visual Studio 2013
VisualStudioVersion = 12.0.31101.0
MinimumVisualStudioVersion = 10.0.40219.1
Project("{FAE04EC0-301F-11D3-BF4B-00C04F79EFBC}") = "Hjg.Pngcs.Portable", "Hjg.Pngcs.Portable\Hjg.Pngcs.Portable.csproj", "{CCF5E155-ECF0-4DBC-BC7C-69FE1AAAF235}"
EndProject
Project("{FAE04EC0-301F-11D3-BF4B-00C04F79EFBC}") = "SamplesTests.Portable", "SamplesTests.Portable\SamplesTests.Portable.csproj", "{FC944235-D299-4EEF-BE46-D5A83C591048}"
EndProject
Global
	GlobalSection(SolutionConfigurationPlatforms) = preSolution
		Debug|Any CPU = Debug|Any CPU
		Release|Any CPU = Release|Any CPU
	EndGlobalSection
	GlobalSection(ProjectConfigurationPlatforms) = postSolution
		{CCF5E155-ECF0-4DBC-BC7C-69FE1AAAF235}.Debug|Any CPU.ActiveCfg = Debug|Any CPU
		{CCF5E155-ECF0-4DBC-BC7C-69FE1AAAF235}.Debug|Any CPU.Build.0 = Debug|Any CPU
		{CCF5E155-ECF0-4DBC-BC7C-69FE1AAAF235}.Release|Any CPU.ActiveCfg = Release|Any CPU
		{CCF5E155-ECF0-4DBC-BC7C-69FE1AAAF235}.Release|Any CPU.Build.0 = Release|Any CPU
		{FC944235-D299-4EEF-BE46-D5A83C591048}.Debug|Any CPU.ActiveCfg = Debug|Any CPU
		{FC944235-D299-4EEF-BE46-D5A83C591048}.Debug|Any CPU.Build.0 = Debug|Any CPU
		{FC944235-D299-4EEF-BE46-D5A83C591048}.Release|Any CPU.ActiveCfg = Release|Any CPU
		{FC944235-D299-4EEF-BE46-D5A83C591048}.Release|Any CPU.Build.0 = Release|Any CPU
	EndGlobalSection
	GlobalSection(SolutionProperties) = preSolution
		HideSolutionNode = FALSE
	EndGlobalSection
EndGlobal
